<?xml version="1.0" encoding="utf-8"?>
<Project ToolsVersion="4.0" xmlns="http://schemas.microsoft.com/developer/msbuild/2003">
  <ItemGroup>
    <Filter Include="Source Files">
      <UniqueIdentifier>{4FC737F1-C7A5-4376-A066-2A32D752A2FF}</UniqueIdentifier>
      <Extensions>cpp;c;cc;cxx;c++;cppm;ixx;def;odl;idl;hpj;bat;asm;asmx</Extensions>
    </Filter>
    <Filter Include="Source Files\src">
      <UniqueIdentifier>{05cbe12b-8fe3-47a6-969e-5612560e6a6b}</UniqueIdentifier>
    </Filter>
    <Filter Include="Source Files\main">
      <UniqueIdentifier>{eb8adac7-66a5-4e5c-a5e3-0b57970226fc}</UniqueIdentifier>
    </Filter>
  </ItemGroup>
  <ItemGroup>
    <ClCompile Include="Student_Info.cpp">
      <Filter>Source Files\src</Filter>
    </ClCompile>
    <ClCompile Include="pch.cpp">
      <Filter>Source Files</Filter>
    </ClCompile>
    <ClCompile Include="myStr.cpp">
      <Filter>Source Files\src</Filter>
    </ClCompile>
    <ClCompile Include="main.cpp">
      <Filter>Source Files\main</Filter>
    </ClCompile>
    <ClCompile Include="grade.cpp">
      <Filter>Source Files\src</Filter>
    </ClCompile>
  </ItemGroup>
  <ItemGroup>
    <ClInclude Include="Student_Info.h">
      <Filter>Source Files\src</Filter>
    </ClInclude>
    <ClInclude Include="pch.h">
      <Filter>Source Files</Filter>
    </ClInclude>
    <ClInclude Include="myStr.h">
      <Filter>Source Files\src</Filter>
    </ClInclude>
    <ClInclude Include="grade.h">
      <Filter>Source Files\src</Filter>
    </ClInclude>
  </ItemGroup>
</Project>